{
  "name": "jadwalsholat",
  "lockfileVersion": 2,
  "requires": true,
  "packages": {
    "": {
      "dependencies": {
        "adhan": "^4.4.3",
        "cli-table": "^0.3.11",
        "moment": "^2.29.4",
        "prayer-times": "^0.1.0"
      }
    },
    "node_modules/adhan": {
      "version": "4.4.3",
      "resolved": "https://registry.npmjs.org/adhan/-/adhan-4.4.3.tgz",
      "integrity": "sha512-568KkQd8OMLUj7o7+d2FDcm6vZHWQrE7vsm/Evssh8sfUDpPyaboj3PVsScZAr7L7sNRgPrtLMmDZZfM7VeAYw=="
    },
    "node_modules/cli-table": {
      "version": "0.3.11",
      "resolved": "https://registry.npmjs.org/cli-table/-/cli-table-0.3.11.tgz",
      "integrity": "sha512-IqLQi4lO0nIB4tcdTpN4LCB9FI3uqrJZK7RC515EnhZ6qBaglkIgICb1wjeAqpdoOabm1+SuQtkXIPdYC93jhQ==",
      "dependencies": {
        "colors": "1.0.3"
      },
      "engines": {
        "node": ">= 0.2.0"
      }
    },
    "node_modules/colors": {
      "version": "1.0.3",
      "resolved": "https://registry.npmjs.org/colors/-/colors-1.0.3.tgz",
      "integrity": "sha512-pFGrxThWcWQ2MsAz6RtgeWe4NK2kUE1WfsrvvlctdII745EW9I0yflqhe7++M5LEc7bV2c/9/5zc8sFcpL0Drw==",
      "engines": {
        "node": ">=0.1.90"
      }
    },
    "node_modules/moment": {
      "version": "2.29.4",
      "resolved": "https://registry.npmjs.org/moment/-/moment-2.29.4.tgz",
      "integrity": "sha512-5LC9SOxjSc2HF6vO2CyuTDNivEdoz2IvyJJGj6X8DJ0eFyfszE0QiEd+iXmBvUP3WHxSjFH/vIsA0EN00cgr8w==",
      "engines": {
        "node": "*"
      }
    },
    "node_modules/prayer-times": {
      "version": "0.1.0",
      "resolved": "https://registry.npmjs.org/prayer-times/-/prayer-times-0.1.0.tgz",
      "integrity": "sha512-7cuFzqDY/UZ1oHGO3u78NNizCUCnoNRDyRvjh1jAPToyH6wjv6s8LXInBeUs5Qk8fC3UWbLZq6oWjABsjnRVGA=="
    }
  },
  "dependencies": {
    "adhan": {
      "version": "4.4.3",
      "resolved": "https://registry.npmjs.org/adhan/-/adhan-4.4.3.tgz",
      "integrity": "sha512-568KkQd8OMLUj7o7+d2FDcm6vZHWQrE7vsm/Evssh8sfUDpPyaboj3PVsScZAr7L7sNRgPrtLMmDZZfM7VeAYw=="
    },
    "cli-table": {
      "version": "0.3.11",
      "resolved": "https://registry.npmjs.org/cli-table/-/cli-table-0.3.11.tgz",
      "integrity": "sha512-IqLQi4lO0nIB4tcdTpN4LCB9FI3uqrJZK7RC515EnhZ6qBaglkIgICb1wjeAqpdoOabm1+SuQtkXIPdYC93jhQ==",
      "requires": {
        "colors": "1.0.3"
      }
    },
    "colors": {
      "version": "1.0.3",
      "resolved": "https://registry.npmjs.org/colors/-/colors-1.0.3.tgz",
      "integrity": "sha512-pFGrxThWcWQ2MsAz6RtgeWe4NK2kUE1WfsrvvlctdII745EW9I0yflqhe7++M5LEc7bV2c/9/5zc8sFcpL0Drw=="
    },
    "moment": {
      "version": "2.29.4",
      "resolved": "https://registry.npmjs.org/moment/-/moment-2.29.4.tgz",
      "integrity": "sha512-5LC9SOxjSc2HF6vO2CyuTDNivEdoz2IvyJJGj6X8DJ0eFyfszE0QiEd+iXmBvUP3WHxSjFH/vIsA0EN00cgr8w=="
    },
    "prayer-times": {
      "version": "0.1.0",
      "resolved": "https://registry.npmjs.org/prayer-times/-/prayer-times-0.1.0.tgz",
      "integrity": "sha512-7cuFzqDY/UZ1oHGO3u78NNizCUCnoNRDyRvjh1jAPToyH6wjv6s8LXInBeUs5Qk8fC3UWbLZq6oWjABsjnRVGA=="
    }
  }
}
